// !$*UTF8*$!
{
	archiveVersion = 1;
	classes = {
	};
	objectVersion = 50;
	objects = {

/* Begin PBXBuildFile section */
		190790F72247287700A48980 /* PM5BluetoothService.swift in Sources */ = {isa = PBXBuildFile; fileRef = 190790F62247287700A48980 /* PM5BluetoothService.swift */; };
		195D95CD2258811000176DB2 /* ZWOParser.swift in Sources */ = {isa = PBXBuildFile; fileRef = 195D95CC2258811000176DB2 /* ZWOParser.swift */; };
		195D95DF225939C100176DB2 /* Workouts in Resources */ = {isa = PBXBuildFile; fileRef = 195D95DE225939C100176DB2 /* Workouts */; };
		195D95E122593AB900176DB2 /* WorkoutManager.swift in Sources */ = {isa = PBXBuildFile; fileRef = 195D95E022593AB900176DB2 /* WorkoutManager.swift */; };
		195D95E322593FEF00176DB2 /* WorkoutSelectionViewController.swift in Sources */ = {isa = PBXBuildFile; fileRef = 195D95E222593FEF00176DB2 /* WorkoutSelectionViewController.swift */; };
		195D95E5225941AF00176DB2 /* WorkoutTableViewCell.swift in Sources */ = {isa = PBXBuildFile; fileRef = 195D95E4225941AF00176DB2 /* WorkoutTableViewCell.swift */; };
		19C12254225ADC9A00887014 /* WorkoutView.swift in Sources */ = {isa = PBXBuildFile; fileRef = 19C12253225ADC9A00887014 /* WorkoutView.swift */; };
		19D560A2223D6D8600535544 /* AppDelegate.swift in Sources */ = {isa = PBXBuildFile; fileRef = 19D560A1223D6D8600535544 /* AppDelegate.swift */; };
		19D560A4223D6D8600535544 /* WorkoutViewController.swift in Sources */ = {isa = PBXBuildFile; fileRef = 19D560A3223D6D8600535544 /* WorkoutViewController.swift */; };
		19D560A7223D6D8600535544 /* Main.storyboard in Resources */ = {isa = PBXBuildFile; fileRef = 19D560A5223D6D8600535544 /* Main.storyboard */; };
		19D560A9223D6D8800535544 /* Assets.xcassets in Resources */ = {isa = PBXBuildFile; fileRef = 19D560A8223D6D8800535544 /* Assets.xcassets */; };
		19D560AC223D6D8800535544 /* LaunchScreen.storyboard in Resources */ = {isa = PBXBuildFile; fileRef = 19D560AA223D6D8800535544 /* LaunchScreen.storyboard */; };
		19D560B5223D779600535544 /* CoreBluetooth.framework in Frameworks */ = {isa = PBXBuildFile; fileRef = 19D560B4223D779600535544 /* CoreBluetooth.framework */; };
		19FD51502249CDB6001BE0B2 /* Workout.swift in Sources */ = {isa = PBXBuildFile; fileRef = 19FD514F2249CDB6001BE0B2 /* Workout.swift */; };
/* End PBXBuildFile section */

/* Begin PBXFileReference section */
		190790F62247287700A48980 /* PM5BluetoothService.swift */ = {isa = PBXFileReference; lastKnownFileType = sourcecode.swift; path = PM5BluetoothService.swift; sourceTree = "<group>"; };
		195D95CC2258811000176DB2 /* ZWOParser.swift */ = {isa = PBXFileReference; lastKnownFileType = sourcecode.swift; path = ZWOParser.swift; sourceTree = "<group>"; };
		195D95DE225939C100176DB2 /* Workouts */ = {isa = PBXFileReference; lastKnownFileType = folder; path = Workouts; sourceTree = "<group>"; };
		195D95E022593AB900176DB2 /* WorkoutManager.swift */ = {isa = PBXFileReference; lastKnownFileType = sourcecode.swift; path = WorkoutManager.swift; sourceTree = "<group>"; };
		195D95E222593FEF00176DB2 /* WorkoutSelectionViewController.swift */ = {isa = PBXFileReference; lastKnownFileType = sourcecode.swift; path = WorkoutSelectionViewController.swift; sourceTree = "<group>"; };
		195D95E4225941AF00176DB2 /* WorkoutTableViewCell.swift */ = {isa = PBXFileReference; lastKnownFileType = sourcecode.swift; path = WorkoutTableViewCell.swift; sourceTree = "<group>"; };
		19C12253225ADC9A00887014 /* WorkoutView.swift */ = {isa = PBXFileReference; lastKnownFileType = sourcecode.swift; path = WorkoutView.swift; sourceTree = "<group>"; };
		19D5609E223D6D8600535544 /* Zswift.app */ = {isa = PBXFileReference; explicitFileType = wrapper.application; includeInIndex = 0; path = Zswift.app; sourceTree = BUILT_PRODUCTS_DIR; };
		19D560A1223D6D8600535544 /* AppDelegate.swift */ = {isa = PBXFileReference; lastKnownFileType = sourcecode.swift; path = AppDelegate.swift; sourceTree = "<group>"; };
		19D560A3223D6D8600535544 /* WorkoutViewController.swift */ = {isa = PBXFileReference; lastKnownFileType = sourcecode.swift; path = WorkoutViewController.swift; sourceTree = "<group>"; };
		19D560A6223D6D8600535544 /* Base */ = {isa = PBXFileReference; lastKnownFileType = file.storyboard; name = Base; path = Base.lproj/Main.storyboard; sourceTree = "<group>"; };
		19D560A8223D6D8800535544 /* Assets.xcassets */ = {isa = PBXFileReference; lastKnownFileType = folder.assetcatalog; path = Assets.xcassets; sourceTree = "<group>"; };
		19D560AB223D6D8800535544 /* Base */ = {isa = PBXFileReference; lastKnownFileType = file.storyboard; name = Base; path = Base.lproj/LaunchScreen.storyboard; sourceTree = "<group>"; };
		19D560AD223D6D8800535544 /* Info.plist */ = {isa = PBXFileReference; lastKnownFileType = text.plist.xml; path = Info.plist; sourceTree = "<group>"; };
		19D560B4223D779600535544 /* CoreBluetooth.framework */ = {isa = PBXFileReference; lastKnownFileType = wrapper.framework; name = CoreBluetooth.framework; path = System/Library/Frameworks/CoreBluetooth.framework; sourceTree = SDKROOT; };
		19FD514F2249CDB6001BE0B2 /* Workout.swift */ = {isa = PBXFileReference; lastKnownFileType = sourcecode.swift; path = Workout.swift; sourceTree = "<group>"; };
/* End PBXFileReference section */

/* Begin PBXFrameworksBuildPhase section */
		19D5609B223D6D8600535544 /* Frameworks */ = {
			isa = PBXFrameworksBuildPhase;
			buildActionMask = 2147483647;
			files = (
				19D560B5223D779600535544 /* CoreBluetooth.framework in Frameworks */,
			);
			runOnlyForDeploymentPostprocessing = 0;
		};
/* End PBXFrameworksBuildPhase section */

/* Begin PBXGroup section */
		19D56095223D6D8600535544 = {
			isa = PBXGroup;
			children = (
				19D560A0223D6D8600535544 /* Zswift */,
				19D5609F223D6D8600535544 /* Products */,
				19D560B3223D779500535544 /* Frameworks */,
			);
			sourceTree = "<group>";
		};
		19D5609F223D6D8600535544 /* Products */ = {
			isa = PBXGroup;
			children = (
				19D5609E223D6D8600535544 /* Zswift.app */,
			);
			name = Products;
			sourceTree = "<group>";
		};
		19D560A0223D6D8600535544 /* Zswift */ = {
			isa = PBXGroup;
			children = (
				195D95DE225939C100176DB2 /* Workouts */,
				19D560A1223D6D8600535544 /* AppDelegate.swift */,
				19D560A3223D6D8600535544 /* WorkoutViewController.swift */,
				195D95E222593FEF00176DB2 /* WorkoutSelectionViewController.swift */,
				195D95E4225941AF00176DB2 /* WorkoutTableViewCell.swift */,
				19FD514F2249CDB6001BE0B2 /* Workout.swift */,
				19C12253225ADC9A00887014 /* WorkoutView.swift */,
				195D95CC2258811000176DB2 /* ZWOParser.swift */,
				195D95E022593AB900176DB2 /* WorkoutManager.swift */,
				190790F62247287700A48980 /* PM5BluetoothService.swift */,
				19D560A5223D6D8600535544 /* Main.storyboard */,
				19D560A8223D6D8800535544 /* Assets.xcassets */,
				19D560AA223D6D8800535544 /* LaunchScreen.storyboard */,
				19D560AD223D6D8800535544 /* Info.plist */,
			);
			path = Zswift;
			sourceTree = "<group>";
		};
		19D560B3223D779500535544 /* Frameworks */ = {
			isa = PBXGroup;
			children = (
				19D560B4223D779600535544 /* CoreBluetooth.framework */,
			);
			name = Frameworks;
			sourceTree = "<group>";
		};
/* End PBXGroup section */

/* Begin PBXNativeTarget section */
		19D5609D223D6D8600535544 /* Zswift */ = {
			isa = PBXNativeTarget;
			buildConfigurationList = 19D560B0223D6D8800535544 /* Build configuration list for PBXNativeTarget "Zswift" */;
			buildPhases = (
				19D5609A223D6D8600535544 /* Sources */,
				19D5609B223D6D8600535544 /* Frameworks */,
				19D5609C223D6D8600535544 /* Resources */,
			);
			buildRules = (
			);
			dependencies = (
			);
			name = Zswift;
			productName = Zswift;
			productReference = 19D5609E223D6D8600535544 /* Zswift.app */;
			productType = "com.apple.product-type.application";
		};
/* End PBXNativeTarget section */

/* Begin PBXProject section */
		19D56096223D6D8600535544 /* Project object */ = {
			isa = PBXProject;
			attributes = {
				LastSwiftUpdateCheck = 1010;
				LastUpgradeCheck = 1010;
				ORGANIZATIONNAME = "Hung Truong";
				TargetAttributes = {
					19D5609D223D6D8600535544 = {
						CreatedOnToolsVersion = 10.1;
						LastSwiftMigration = 1020;
					};
				};
			};
			buildConfigurationList = 19D56099223D6D8600535544 /* Build configuration list for PBXProject "Zswift" */;
			compatibilityVersion = "Xcode 9.3";
			developmentRegion = en;
			hasScannedForEncodings = 0;
			knownRegions = (
				en,
				Base,
			);
			mainGroup = 19D56095223D6D8600535544;
			productRefGroup = 19D5609F223D6D8600535544 /* Products */;
			projectDirPath = "";
			projectRoot = "";
			targets = (
				19D5609D223D6D8600535544 /* Zswift */,
			);
		};
/* End PBXProject section */

/* Begin PBXResourcesBuildPhase section */
		19D5609C223D6D8600535544 /* Resources */ = {
			isa = PBXResourcesBuildPhase;
			buildActionMask = 2147483647;
			files = (
				19D560AC223D6D8800535544 /* LaunchScreen.storyboard in Resources */,
				19D560A9223D6D8800535544 /* Assets.xcassets in Resources */,
				195D95DF225939C100176DB2 /* Workouts in Resources */,
				19D560A7223D6D8600535544 /* Main.storyboard in Resources */,
			);
			runOnlyForDeploymentPostprocessing = 0;
		};
/* End PBXResourcesBuildPhase section */

/* Begin PBXSourcesBuildPhase section */
		19D5609A223D6D8600535544 /* Sources */ = {
			isa = PBXSourcesBuildPhase;
			buildActionMask = 2147483647;
			files = (
				190790F72247287700A48980 /* PM5BluetoothService.swift in Sources */,
				195D95CD2258811000176DB2 /* ZWOParser.swift in Sources */,
				19D560A4223D6D8600535544 /* WorkoutViewController.swift in Sources */,
				195D95E5225941AF00176DB2 /* WorkoutTableViewCell.swift in Sources */,
				19C12254225ADC9A00887014 /* WorkoutView.swift in Sources */,
				195D95E322593FEF00176DB2 /* WorkoutSelectionViewController.swift in Sources */,
				19D560A2223D6D8600535544 /* AppDelegate.swift in Sources */,
				19FD51502249CDB6001BE0B2 /* Workout.swift in Sources */,
				195D95E122593AB900176DB2 /* WorkoutManager.swift in Sources */,
			);
			runOnlyForDeploymentPostprocessing = 0;
		};
/* End PBXSourcesBuildPhase section */

/* Begin PBXVariantGroup section */
		19D560A5223D6D8600535544 /* Main.storyboard */ = {
			isa = PBXVariantGroup;
			children = (
				19D560A6223D6D8600535544 /* Base */,
			);
			name = Main.storyboard;
			sourceTree = "<group>";
		};
		19D560AA223D6D8800535544 /* LaunchScreen.storyboard */ = {
			isa = PBXVariantGroup;
			children = (
				19D560AB223D6D8800535544 /* Base */,
			);
			name = LaunchScreen.storyboard;
			sourceTree = "<group>";
		};
/* End PBXVariantGroup section */

/* Begin XCBuildConfiguration section */
		19D560AE223D6D8800535544 /* Debug */ = {
			isa = XCBuildConfiguration;
			buildSettings = {
				ALWAYS_SEARCH_USER_PATHS = NO;
				CLANG_ANALYZER_NONNULL = YES;
				CLANG_ANALYZER_NUMBER_OBJECT_CONVERSION = YES_AGGRESSIVE;
				CLANG_CXX_LANGUAGE_STANDARD = "gnu++14";
				CLANG_CXX_LIBRARY = "libc++";
				CLANG_ENABLE_MODULES = YES;
				CLANG_ENABLE_OBJC_ARC = YES;
				CLANG_ENABLE_OBJC_WEAK = YES;
				CLANG_WARN_BLOCK_CAPTURE_AUTORELEASING = YES;
				CLANG_WARN_BOOL_CONVERSION = YES;
				CLANG_WARN_COMMA = YES;
				CLANG_WARN_CONSTANT_CONVERSION = YES;
				CLANG_WARN_DEPRECATED_OBJC_IMPLEMENTATIONS = YES;
				CLANG_WARN_DIRECT_OBJC_ISA_USAGE = YES_ERROR;
				CLANG_WARN_DOCUMENTATION_COMMENTS = YES;
				CLANG_WARN_EMPTY_BODY = YES;
				CLANG_WARN_ENUM_CONVERSION = YES;
				CLANG_WARN_INFINITE_RECURSION = YES;
				CLANG_WARN_INT_CONVERSION = YES;
				CLANG_WARN_NON_LITERAL_NULL_CONVERSION = YES;
				CLANG_WARN_OBJC_IMPLICIT_RETAIN_SELF = YES;
				CLANG_WARN_OBJC_LITERAL_CONVERSION = YES;
				CLANG_WARN_OBJC_ROOT_CLASS = YES_ERROR;
				CLANG_WARN_RANGE_LOOP_ANALYSIS = YES;
				CLANG_WARN_STRICT_PROTOTYPES = YES;
				CLANG_WARN_SUSPICIOUS_MOVE = YES;
				CLANG_WARN_UNGUARDED_AVAILABILITY = YES_AGGRESSIVE;
				CLANG_WARN_UNREACHABLE_CODE = YES;
				CLANG_WARN__DUPLICATE_METHOD_MATCH = YES;
				CODE_SIGN_IDENTITY = "iPhone Developer";
				COPY_PHASE_STRIP = NO;
				DEBUG_INFORMATION_FORMAT = dwarf;
				ENABLE_STRICT_OBJC_MSGSEND = YES;
				ENABLE_TESTABILITY = YES;
				GCC_C_LANGUAGE_STANDARD = gnu11;
				GCC_DYNAMIC_NO_PIC = NO;
				GCC_NO_COMMON_BLOCKS = YES;
				GCC_OPTIMIZATION_LEVEL = 0;
				GCC_PREPROCESSOR_DEFINITIONS = (
					"DEBUG=1",
					"$(inherited)",
				);
				GCC_WARN_64_TO_32_BIT_CONVERSION = YES;
				GCC_WARN_ABOUT_RETURN_TYPE = YES_ERROR;
				GCC_WARN_UNDECLARED_SELECTOR = YES;
				GCC_WARN_UNINITIALIZED_AUTOS = YES_AGGRESSIVE;
				GCC_WARN_UNUSED_FUNCTION = YES;
				GCC_WARN_UNUSED_VARIABLE = YES;
				IPHONEOS_DEPLOYMENT_TARGET = 12.1;
				MTL_ENABLE_DEBUG_INFO = INCLUDE_SOURCE;
				MTL_FAST_MATH = YES;
				ONLY_ACTIVE_ARCH = YES;
				SDKROOT = iphoneos;
				SWIFT_ACTIVE_COMPILATION_CONDITIONS = DEBUG;
				SWIFT_OPTIMIZATION_LEVEL = "-Onone";
			};
			name = Debug;
		};
		19D560AF223D6D8800535544 /* Release */ = {
			isa = XCBuildConfiguration;
			buildSettings = {
				ALWAYS_SEARCH_USER_PATHS = NO;
				CLANG_ANALYZER_NONNULL = YES;
				CLANG_ANALYZER_NUMBER_OBJECT_CONVERSION = YES_AGGRESSIVE;
				CLANG_CXX_LANGUAGE_STANDARD = "gnu++14";
				CLANG_CXX_LIBRARY = "libc++";
				CLANG_ENABLE_MODULES = YES;
				CLANG_ENABLE_OBJC_ARC = YES;
				CLANG_ENABLE_OBJC_WEAK = YES;
				CLANG_WARN_BLOCK_CAPTURE_AUTORELEASING = YES;
				CLANG_WARN_BOOL_CONVERSION = YES;
				CLANG_WARN_COMMA = YES;
				CLANG_WARN_CONSTANT_CONVERSION = YES;
				CLANG_WARN_DEPRECATED_OBJC_IMPLEMENTATIONS = YES;
				CLANG_WARN_DIRECT_OBJC_ISA_USAGE = YES_ERROR;
				CLANG_WARN_DOCUMENTATION_COMMENTS = YES;
				CLANG_WARN_EMPTY_BODY = YES;
				CLANG_WARN_ENUM_CONVERSION = YES;
				CLANG_WARN_INFINITE_RECURSION = YES;
				CLANG_WARN_INT_CONVERSION = YES;
				CLANG_WARN_NON_LITERAL_NULL_CONVERSION = YES;
				CLANG_WARN_OBJC_IMPLICIT_RETAIN_SELF = YES;
				CLANG_WARN_OBJC_LITERAL_CONVERSION = YES;
				CLANG_WARN_OBJC_ROOT_CLASS = YES_ERROR;
				CLANG_WARN_RANGE_LOOP_ANALYSIS = YES;
				CLANG_WARN_STRICT_PROTOTYPES = YES;
				CLANG_WARN_SUSPICIOUS_MOVE = YES;
				CLANG_WARN_UNGUARDED_AVAILABILITY = YES_AGGRESSIVE;
				CLANG_WARN_UNREACHABLE_CODE = YES;
				CLANG_WARN__DUPLICATE_METHOD_MATCH = YES;
				CODE_SIGN_IDENTITY = "iPhone Developer";
				COPY_PHASE_STRIP = NO;
				DEBUG_INFORMATION_FORMAT = "dwarf-with-dsym";
				ENABLE_NS_ASSERTIONS = NO;
				ENABLE_STRICT_OBJC_MSGSEND = YES;
				GCC_C_LANGUAGE_STANDARD = gnu11;
				GCC_NO_COMMON_BLOCKS = YES;
				GCC_WARN_64_TO_32_BIT_CONVERSION = YES;
				GCC_WARN_ABOUT_RETURN_TYPE = YES_ERROR;
				GCC_WARN_UNDECLARED_SELECTOR = YES;
				GCC_WARN_UNINITIALIZED_AUTOS = YES_AGGRESSIVE;
				GCC_WARN_UNUSED_FUNCTION = YES;
				GCC_WARN_UNUSED_VARIABLE = YES;
				IPHONEOS_DEPLOYMENT_TARGET = 12.1;
				MTL_ENABLE_DEBUG_INFO = NO;
				MTL_FAST_MATH = YES;
				SDKROOT = iphoneos;
				SWIFT_COMPILATION_MODE = wholemodule;
				SWIFT_OPTIMIZATION_LEVEL = "-O";
				VALIDATE_PRODUCT = YES;
			};
			name = Release;
		};
		19D560B1223D6D8800535544 /* Debug */ = {
			isa = XCBuildConfiguration;
			buildSettings = {
				ASSETCATALOG_COMPILER_APPICON_NAME = AppIcon;
				CODE_SIGN_STYLE = Automatic;
				DEVELOPMENT_TEAM = 23T6468TV6;
				INFOPLIST_FILE = Zswift/Info.plist;
				LD_RUNPATH_SEARCH_PATHS = (
					"$(inherited)",
					"@executable_path/Frameworks",
				);
				PRODUCT_BUNDLE_IDENTIFIER = "com.hung-truong.Zswift";
				PRODUCT_NAME = "$(TARGET_NAME)";
				SWIFT_VERSION = 5.0;
				TARGETED_DEVICE_FAMILY = "1,2";
			};
			name = Debug;
		};
		19D560B2223D6D8800535544 /* Release */ = {
			isa = XCBuildConfiguration;
			buildSettings = {
				ASSETCATALOG_COMPILER_APPICON_NAME = AppIcon;
				CODE_SIGN_STYLE = Automatic;
				DEVELOPMENT_TEAM = 23T6468TV6;
				INFOPLIST_FILE = Zswift/Info.plist;
				LD_RUNPATH_SEARCH_PATHS = (
					"$(inherited)",
					"@executable_path/Frameworks",
				);
				PRODUCT_BUNDLE_IDENTIFIER = "com.hung-truong.Zswift";
				PRODUCT_NAME = "$(TARGET_NAME)";
				SWIFT_VERSION = 5.0;
				TARGETED_DEVICE_FAMILY = "1,2";
			};
			name = Release;
		};
/* End XCBuildConfiguration section */

/* Begin XCConfigurationList section */
		19D56099223D6D8600535544 /* Build configuration list for PBXProject "Zswift" */ = {
			isa = XCConfigurationList;
			buildConfigurations = (
				19D560AE223D6D8800535544 /* Debug */,
				19D560AF223D6D8800535544 /* Release */,
			);
			defaultConfigurationIsVisible = 0;
			defaultConfigurationName = Release;
		};
		19D560B0223D6D8800535544 /* Build configuration list for PBXNativeTarget "Zswift" */ = {
			isa = XCConfigurationList;
			buildConfigurations = (
				19D560B1223D6D8800535544 /* Debug */,
				19D560B2223D6D8800535544 /* Release */,
			);
			defaultConfigurationIsVisible = 0;
			defaultConfigurationName = Release;
		};
/* End XCConfigurationList section */
	};
	rootObject = 19D56096223D6D8600535544 /* Project object */;
}
