// !$*UTF8*$!
{
	archiveVersion = 1;
	classes = {
	};
	objectVersion = 50;
	objects = {

/* Begin PBXBuildFile section */
		190688BD26226A290073FB30 /* WorkoutManager.swift in Sources */ = {isa = PBXBuildFile; fileRef = 190688BC26226A290073FB30 /* WorkoutManager.swift */; };
		190790F72247287700A48980 /* PM5BluetoothService.swift in Sources */ = {isa = PBXBuildFile; fileRef = 190790F62247287700A48980 /* PM5BluetoothService.swift */; };
		193247E0262B41C000D1613C /* Assets.xcassets in Resources */ = {isa = PBXBuildFile; fileRef = 193247DF262B41C000D1613C /* Assets.xcassets */; };
		193247E7262B41C000D1613C /* Zswift Watch Extension.appex in Embed App Extensions */ = {isa = PBXBuildFile; fileRef = 193247E6262B41C000D1613C /* Zswift Watch Extension.appex */; settings = {ATTRIBUTES = (RemoveHeadersOnCopy, ); }; };
		193247EC262B41C000D1613C /* ContentView.swift in Sources */ = {isa = PBXBuildFile; fileRef = 193247EB262B41C000D1613C /* ContentView.swift */; };
		193247EE262B41C000D1613C /* ZswiftApp.swift in Sources */ = {isa = PBXBuildFile; fileRef = 193247ED262B41C000D1613C /* ZswiftApp.swift */; };
		193247F0262B41C000D1613C /* ComplicationController.swift in Sources */ = {isa = PBXBuildFile; fileRef = 193247EF262B41C000D1613C /* ComplicationController.swift */; };
		193247F2262B41C000D1613C /* Assets.xcassets in Resources */ = {isa = PBXBuildFile; fileRef = 193247F1262B41C000D1613C /* Assets.xcassets */; };
		193247F5262B41C100D1613C /* Preview Assets.xcassets in Resources */ = {isa = PBXBuildFile; fileRef = 193247F4262B41C100D1613C /* Preview Assets.xcassets */; };
		193247F9262B41C100D1613C /* Zswift Watch.app in Embed Watch Content */ = {isa = PBXBuildFile; fileRef = 193247DD262B41BF00D1613C /* Zswift Watch.app */; settings = {ATTRIBUTES = (RemoveHeadersOnCopy, ); }; };
		1932AEF22263F0430077DD4B /* HealthKit.swift in Sources */ = {isa = PBXBuildFile; fileRef = 1932AEF12263F0430077DD4B /* HealthKit.swift */; };
		1932AEF52263F4170077DD4B /* HealthKit.framework in Frameworks */ = {isa = PBXBuildFile; fileRef = 1932AEF42263F4170077DD4B /* HealthKit.framework */; };
		195679E72621559D0064D55C /* WorkoutSelectionView.swift in Sources */ = {isa = PBXBuildFile; fileRef = 195679E62621559D0064D55C /* WorkoutSelectionView.swift */; };
		195679EC262161EF0064D55C /* SwiftUIWorkoutViewController.swift in Sources */ = {isa = PBXBuildFile; fileRef = 195679EB262161EF0064D55C /* SwiftUIWorkoutViewController.swift */; };
		195D95CD2258811000176DB2 /* ZWOParser.swift in Sources */ = {isa = PBXBuildFile; fileRef = 195D95CC2258811000176DB2 /* ZWOParser.swift */; };
		195D95DF225939C100176DB2 /* Workouts in Resources */ = {isa = PBXBuildFile; fileRef = 195D95DE225939C100176DB2 /* Workouts */; };
		195D95E122593AB900176DB2 /* WorkoutLoader.swift in Sources */ = {isa = PBXBuildFile; fileRef = 195D95E022593AB900176DB2 /* WorkoutLoader.swift */; };
		197FDD5226211A5A0001BDEB /* ZswiftApp.swift in Sources */ = {isa = PBXBuildFile; fileRef = 197FDD5126211A5A0001BDEB /* ZswiftApp.swift */; };
		199F76B525F57BB50009FA21 /* MockBluetoothService.swift in Sources */ = {isa = PBXBuildFile; fileRef = 199F76B425F57BB50009FA21 /* MockBluetoothService.swift */; };
		19CE138624A962FC00FAB171 /* SettingsView.swift in Sources */ = {isa = PBXBuildFile; fileRef = 19CE138524A962FC00FAB171 /* SettingsView.swift */; };
		19D560A9223D6D8800535544 /* Assets.xcassets in Resources */ = {isa = PBXBuildFile; fileRef = 19D560A8223D6D8800535544 /* Assets.xcassets */; };
		19D560AC223D6D8800535544 /* LaunchScreen.storyboard in Resources */ = {isa = PBXBuildFile; fileRef = 19D560AA223D6D8800535544 /* LaunchScreen.storyboard */; };
		19D560B5223D779600535544 /* CoreBluetooth.framework in Frameworks */ = {isa = PBXBuildFile; fileRef = 19D560B4223D779600535544 /* CoreBluetooth.framework */; };
		19DD33EE262B421B00704036 /* ExtensionDelegate.swift in Sources */ = {isa = PBXBuildFile; fileRef = 19DD33ED262B421B00704036 /* ExtensionDelegate.swift */; };
		19DD33F9262B432F00704036 /* WorkoutHandler.swift in Sources */ = {isa = PBXBuildFile; fileRef = 19DD33F8262B432F00704036 /* WorkoutHandler.swift */; };
		19DD3402262B46DE00704036 /* HealthKit.framework in Frameworks */ = {isa = PBXBuildFile; fileRef = 19DD3401262B46DE00704036 /* HealthKit.framework */; };
		19F426A7261FBEC700BE6FC1 /* SwiftUIWorkoutView.swift in Sources */ = {isa = PBXBuildFile; fileRef = 19F426A6261FBEC700BE6FC1 /* SwiftUIWorkoutView.swift */; };
		19FD51502249CDB6001BE0B2 /* Workout.swift in Sources */ = {isa = PBXBuildFile; fileRef = 19FD514F2249CDB6001BE0B2 /* Workout.swift */; };
/* End PBXBuildFile section */

/* Begin PBXContainerItemProxy section */
		193247E8262B41C000D1613C /* PBXContainerItemProxy */ = {
			isa = PBXContainerItemProxy;
			containerPortal = 19D56096223D6D8600535544 /* Project object */;
			proxyType = 1;
			remoteGlobalIDString = 193247E5262B41C000D1613C;
			remoteInfo = "Zswift Watch Extension";
		};
		193247F7262B41C100D1613C /* PBXContainerItemProxy */ = {
			isa = PBXContainerItemProxy;
			containerPortal = 19D56096223D6D8600535544 /* Project object */;
			proxyType = 1;
			remoteGlobalIDString = 193247DC262B41BF00D1613C;
			remoteInfo = "Zswift Watch";
		};
/* End PBXContainerItemProxy section */

/* Begin PBXCopyFilesBuildPhase section */
		193247FD262B41C100D1613C /* Embed App Extensions */ = {
			isa = PBXCopyFilesBuildPhase;
			buildActionMask = 2147483647;
			dstPath = "";
			dstSubfolderSpec = 13;
			files = (
				193247E7262B41C000D1613C /* Zswift Watch Extension.appex in Embed App Extensions */,
			);
			name = "Embed App Extensions";
			runOnlyForDeploymentPostprocessing = 0;
		};
		1932AEED2263EACF0077DD4B /* Embed Watch Content */ = {
			isa = PBXCopyFilesBuildPhase;
			buildActionMask = 2147483647;
			dstPath = "$(CONTENTS_FOLDER_PATH)/Watch";
			dstSubfolderSpec = 16;
			files = (
				193247F9262B41C100D1613C /* Zswift Watch.app in Embed Watch Content */,
			);
			name = "Embed Watch Content";
			runOnlyForDeploymentPostprocessing = 0;
		};
/* End PBXCopyFilesBuildPhase section */

/* Begin PBXFileReference section */
		190688BC26226A290073FB30 /* WorkoutManager.swift */ = {isa = PBXFileReference; lastKnownFileType = sourcecode.swift; path = WorkoutManager.swift; sourceTree = "<group>"; };
		190790F62247287700A48980 /* PM5BluetoothService.swift */ = {isa = PBXFileReference; lastKnownFileType = sourcecode.swift; path = PM5BluetoothService.swift; sourceTree = "<group>"; };
		193247DD262B41BF00D1613C /* Zswift Watch.app */ = {isa = PBXFileReference; explicitFileType = wrapper.application; includeInIndex = 0; path = "Zswift Watch.app"; sourceTree = BUILT_PRODUCTS_DIR; };
		193247DF262B41C000D1613C /* Assets.xcassets */ = {isa = PBXFileReference; lastKnownFileType = folder.assetcatalog; path = Assets.xcassets; sourceTree = "<group>"; };
		193247E1262B41C000D1613C /* Info.plist */ = {isa = PBXFileReference; lastKnownFileType = text.plist.xml; path = Info.plist; sourceTree = "<group>"; };
		193247E6262B41C000D1613C /* Zswift Watch Extension.appex */ = {isa = PBXFileReference; explicitFileType = "wrapper.app-extension"; includeInIndex = 0; path = "Zswift Watch Extension.appex"; sourceTree = BUILT_PRODUCTS_DIR; };
		193247EB262B41C000D1613C /* ContentView.swift */ = {isa = PBXFileReference; lastKnownFileType = sourcecode.swift; path = ContentView.swift; sourceTree = "<group>"; };
		193247ED262B41C000D1613C /* ZswiftApp.swift */ = {isa = PBXFileReference; lastKnownFileType = sourcecode.swift; path = ZswiftApp.swift; sourceTree = "<group>"; };
		193247EF262B41C000D1613C /* ComplicationController.swift */ = {isa = PBXFileReference; lastKnownFileType = sourcecode.swift; path = ComplicationController.swift; sourceTree = "<group>"; };
		193247F1262B41C000D1613C /* Assets.xcassets */ = {isa = PBXFileReference; lastKnownFileType = folder.assetcatalog; path = Assets.xcassets; sourceTree = "<group>"; };
		193247F4262B41C100D1613C /* Preview Assets.xcassets */ = {isa = PBXFileReference; lastKnownFileType = folder.assetcatalog; path = "Preview Assets.xcassets"; sourceTree = "<group>"; };
		193247F6262B41C100D1613C /* Info.plist */ = {isa = PBXFileReference; lastKnownFileType = text.plist.xml; path = Info.plist; sourceTree = "<group>"; };
		1932AEEF2263EAEB0077DD4B /* HealthKit.framework */ = {isa = PBXFileReference; lastKnownFileType = wrapper.framework; name = HealthKit.framework; path = Platforms/WatchOS.platform/Developer/SDKs/WatchOS5.2.sdk/System/Library/Frameworks/HealthKit.framework; sourceTree = DEVELOPER_DIR; };
		1932AEF12263F0430077DD4B /* HealthKit.swift */ = {isa = PBXFileReference; lastKnownFileType = sourcecode.swift; path = HealthKit.swift; sourceTree = "<group>"; };
		1932AEF32263F4170077DD4B /* Zswift.entitlements */ = {isa = PBXFileReference; lastKnownFileType = text.plist.entitlements; path = Zswift.entitlements; sourceTree = "<group>"; };
		1932AEF42263F4170077DD4B /* HealthKit.framework */ = {isa = PBXFileReference; lastKnownFileType = wrapper.framework; name = HealthKit.framework; path = System/Library/Frameworks/HealthKit.framework; sourceTree = SDKROOT; };
		195679E62621559D0064D55C /* WorkoutSelectionView.swift */ = {isa = PBXFileReference; lastKnownFileType = sourcecode.swift; path = WorkoutSelectionView.swift; sourceTree = "<group>"; };
		195679EB262161EF0064D55C /* SwiftUIWorkoutViewController.swift */ = {isa = PBXFileReference; lastKnownFileType = sourcecode.swift; path = SwiftUIWorkoutViewController.swift; sourceTree = "<group>"; };
		195D95CC2258811000176DB2 /* ZWOParser.swift */ = {isa = PBXFileReference; lastKnownFileType = sourcecode.swift; path = ZWOParser.swift; sourceTree = "<group>"; };
		195D95DE225939C100176DB2 /* Workouts */ = {isa = PBXFileReference; lastKnownFileType = folder; path = Workouts; sourceTree = "<group>"; };
		195D95E022593AB900176DB2 /* WorkoutLoader.swift */ = {isa = PBXFileReference; lastKnownFileType = sourcecode.swift; path = WorkoutLoader.swift; sourceTree = "<group>"; };
		197FDD5126211A5A0001BDEB /* ZswiftApp.swift */ = {isa = PBXFileReference; lastKnownFileType = sourcecode.swift; path = ZswiftApp.swift; sourceTree = "<group>"; };
		199F76B425F57BB50009FA21 /* MockBluetoothService.swift */ = {isa = PBXFileReference; lastKnownFileType = sourcecode.swift; path = MockBluetoothService.swift; sourceTree = "<group>"; };
		19CE138524A962FC00FAB171 /* SettingsView.swift */ = {isa = PBXFileReference; lastKnownFileType = sourcecode.swift; path = SettingsView.swift; sourceTree = "<group>"; };
		19D5609E223D6D8600535544 /* Zswift.app */ = {isa = PBXFileReference; explicitFileType = wrapper.application; includeInIndex = 0; path = Zswift.app; sourceTree = BUILT_PRODUCTS_DIR; };
		19D560A8223D6D8800535544 /* Assets.xcassets */ = {isa = PBXFileReference; lastKnownFileType = folder.assetcatalog; path = Assets.xcassets; sourceTree = "<group>"; };
		19D560AB223D6D8800535544 /* Base */ = {isa = PBXFileReference; lastKnownFileType = file.storyboard; name = Base; path = Base.lproj/LaunchScreen.storyboard; sourceTree = "<group>"; };
		19D560AD223D6D8800535544 /* Info.plist */ = {isa = PBXFileReference; lastKnownFileType = text.plist.xml; path = Info.plist; sourceTree = "<group>"; };
		19D560B4223D779600535544 /* CoreBluetooth.framework */ = {isa = PBXFileReference; lastKnownFileType = wrapper.framework; name = CoreBluetooth.framework; path = System/Library/Frameworks/CoreBluetooth.framework; sourceTree = SDKROOT; };
		19DD33ED262B421B00704036 /* ExtensionDelegate.swift */ = {isa = PBXFileReference; lastKnownFileType = sourcecode.swift; path = ExtensionDelegate.swift; sourceTree = "<group>"; };
		19DD33F8262B432F00704036 /* WorkoutHandler.swift */ = {isa = PBXFileReference; lastKnownFileType = sourcecode.swift; path = WorkoutHandler.swift; sourceTree = "<group>"; };
		19DD3400262B46DE00704036 /* Zswift Watch Extension.entitlements */ = {isa = PBXFileReference; lastKnownFileType = text.plist.entitlements; path = "Zswift Watch Extension.entitlements"; sourceTree = "<group>"; };
		19DD3401262B46DE00704036 /* HealthKit.framework */ = {isa = PBXFileReference; lastKnownFileType = wrapper.framework; name = HealthKit.framework; path = Platforms/WatchOS.platform/Developer/SDKs/WatchOS7.2.sdk/System/Library/Frameworks/HealthKit.framework; sourceTree = DEVELOPER_DIR; };
		19F426A6261FBEC700BE6FC1 /* SwiftUIWorkoutView.swift */ = {isa = PBXFileReference; lastKnownFileType = sourcecode.swift; path = SwiftUIWorkoutView.swift; sourceTree = "<group>"; };
		19FD514F2249CDB6001BE0B2 /* Workout.swift */ = {isa = PBXFileReference; lastKnownFileType = sourcecode.swift; path = Workout.swift; sourceTree = "<group>"; };
/* End PBXFileReference section */

/* Begin PBXFrameworksBuildPhase section */
		193247E3262B41C000D1613C /* Frameworks */ = {
			isa = PBXFrameworksBuildPhase;
			buildActionMask = 2147483647;
			files = (
				19DD3402262B46DE00704036 /* HealthKit.framework in Frameworks */,
			);
			runOnlyForDeploymentPostprocessing = 0;
		};
		19D5609B223D6D8600535544 /* Frameworks */ = {
			isa = PBXFrameworksBuildPhase;
			buildActionMask = 2147483647;
			files = (
				19D560B5223D779600535544 /* CoreBluetooth.framework in Frameworks */,
				1932AEF52263F4170077DD4B /* HealthKit.framework in Frameworks */,
			);
			runOnlyForDeploymentPostprocessing = 0;
		};
/* End PBXFrameworksBuildPhase section */

/* Begin PBXGroup section */
		1909AF482624C4B700E1A515 /* SwiftUI */ = {
			isa = PBXGroup;
			children = (
				19F426A6261FBEC700BE6FC1 /* SwiftUIWorkoutView.swift */,
				197FDD5126211A5A0001BDEB /* ZswiftApp.swift */,
				195679E62621559D0064D55C /* WorkoutSelectionView.swift */,
				195679EB262161EF0064D55C /* SwiftUIWorkoutViewController.swift */,
				19CE138524A962FC00FAB171 /* SettingsView.swift */,
			);
			path = SwiftUI;
			sourceTree = "<group>";
		};
		1909AF4C2624C4DD00E1A515 /* Utility */ = {
			isa = PBXGroup;
			children = (
				195D95CC2258811000176DB2 /* ZWOParser.swift */,
				190790F62247287700A48980 /* PM5BluetoothService.swift */,
				195D95E022593AB900176DB2 /* WorkoutLoader.swift */,
				1932AEF12263F0430077DD4B /* HealthKit.swift */,
			);
			path = Utility;
			sourceTree = "<group>";
		};
		1909AF4E2624C52500E1A515 /* Models */ = {
			isa = PBXGroup;
			children = (
				19FD514F2249CDB6001BE0B2 /* Workout.swift */,
				190688BC26226A290073FB30 /* WorkoutManager.swift */,
			);
			path = Models;
			sourceTree = "<group>";
		};
		193247DE262B41BF00D1613C /* Zswift Watch */ = {
			isa = PBXGroup;
			children = (
				193247DF262B41C000D1613C /* Assets.xcassets */,
				193247E1262B41C000D1613C /* Info.plist */,
			);
			path = "Zswift Watch";
			sourceTree = "<group>";
		};
		193247EA262B41C000D1613C /* Zswift Watch Extension */ = {
			isa = PBXGroup;
			children = (
				19DD3400262B46DE00704036 /* Zswift Watch Extension.entitlements */,
				19DD33ED262B421B00704036 /* ExtensionDelegate.swift */,
				19DD33F8262B432F00704036 /* WorkoutHandler.swift */,
				193247EB262B41C000D1613C /* ContentView.swift */,
				193247ED262B41C000D1613C /* ZswiftApp.swift */,
				193247EF262B41C000D1613C /* ComplicationController.swift */,
				193247F1262B41C000D1613C /* Assets.xcassets */,
				193247F6262B41C100D1613C /* Info.plist */,
				193247F3262B41C100D1613C /* Preview Content */,
			);
			path = "Zswift Watch Extension";
			sourceTree = "<group>";
		};
		193247F3262B41C100D1613C /* Preview Content */ = {
			isa = PBXGroup;
			children = (
				193247F4262B41C100D1613C /* Preview Assets.xcassets */,
			);
			path = "Preview Content";
			sourceTree = "<group>";
		};
		199F76B325F57BA30009FA21 /* Test */ = {
			isa = PBXGroup;
			children = (
				199F76B425F57BB50009FA21 /* MockBluetoothService.swift */,
			);
			path = Test;
			sourceTree = "<group>";
		};
		19D56095223D6D8600535544 = {
			isa = PBXGroup;
			children = (
				19D560A0223D6D8600535544 /* Zswift */,
				193247DE262B41BF00D1613C /* Zswift Watch */,
				193247EA262B41C000D1613C /* Zswift Watch Extension */,
				19D5609F223D6D8600535544 /* Products */,
				19D560B3223D779500535544 /* Frameworks */,
			);
			sourceTree = "<group>";
		};
		19D5609F223D6D8600535544 /* Products */ = {
			isa = PBXGroup;
			children = (
				19D5609E223D6D8600535544 /* Zswift.app */,
				193247DD262B41BF00D1613C /* Zswift Watch.app */,
				193247E6262B41C000D1613C /* Zswift Watch Extension.appex */,
			);
			name = Products;
			sourceTree = "<group>";
		};
		19D560A0223D6D8600535544 /* Zswift */ = {
			isa = PBXGroup;
			children = (
				1909AF4E2624C52500E1A515 /* Models */,
				1909AF4C2624C4DD00E1A515 /* Utility */,
				1909AF482624C4B700E1A515 /* SwiftUI */,
				199F76B325F57BA30009FA21 /* Test */,
				1932AEF32263F4170077DD4B /* Zswift.entitlements */,
				195D95DE225939C100176DB2 /* Workouts */,
				19D560A8223D6D8800535544 /* Assets.xcassets */,
				19D560AA223D6D8800535544 /* LaunchScreen.storyboard */,
				19D560AD223D6D8800535544 /* Info.plist */,
			);
			path = Zswift;
			sourceTree = "<group>";
		};
		19D560B3223D779500535544 /* Frameworks */ = {
			isa = PBXGroup;
			children = (
				19DD3401262B46DE00704036 /* HealthKit.framework */,
				1932AEF42263F4170077DD4B /* HealthKit.framework */,
				1932AEEF2263EAEB0077DD4B /* HealthKit.framework */,
				19D560B4223D779600535544 /* CoreBluetooth.framework */,
			);
			name = Frameworks;
			sourceTree = "<group>";
		};
/* End PBXGroup section */

/* Begin PBXNativeTarget section */
		193247DC262B41BF00D1613C /* Zswift Watch */ = {
			isa = PBXNativeTarget;
			buildConfigurationList = 193247FE262B41C100D1613C /* Build configuration list for PBXNativeTarget "Zswift Watch" */;
			buildPhases = (
				193247DB262B41BF00D1613C /* Resources */,
				193247FD262B41C100D1613C /* Embed App Extensions */,
			);
			buildRules = (
			);
			dependencies = (
				193247E9262B41C000D1613C /* PBXTargetDependency */,
			);
			name = "Zswift Watch";
			productName = "Zswift Watch";
			productReference = 193247DD262B41BF00D1613C /* Zswift Watch.app */;
			productType = "com.apple.product-type.application.watchapp2";
		};
		193247E5262B41C000D1613C /* Zswift Watch Extension */ = {
			isa = PBXNativeTarget;
			buildConfigurationList = 193247FA262B41C100D1613C /* Build configuration list for PBXNativeTarget "Zswift Watch Extension" */;
			buildPhases = (
				193247E2262B41C000D1613C /* Sources */,
				193247E3262B41C000D1613C /* Frameworks */,
				193247E4262B41C000D1613C /* Resources */,
			);
			buildRules = (
			);
			dependencies = (
			);
			name = "Zswift Watch Extension";
			productName = "Zswift Watch Extension";
			productReference = 193247E6262B41C000D1613C /* Zswift Watch Extension.appex */;
			productType = "com.apple.product-type.watchkit2-extension";
		};
		19D5609D223D6D8600535544 /* Zswift */ = {
			isa = PBXNativeTarget;
			buildConfigurationList = 19D560B0223D6D8800535544 /* Build configuration list for PBXNativeTarget "Zswift" */;
			buildPhases = (
				19D5609A223D6D8600535544 /* Sources */,
				19D5609B223D6D8600535544 /* Frameworks */,
				19D5609C223D6D8600535544 /* Resources */,
				1932AEED2263EACF0077DD4B /* Embed Watch Content */,
			);
			buildRules = (
			);
			dependencies = (
				193247F8262B41C100D1613C /* PBXTargetDependency */,
			);
			name = Zswift;
			productName = Zswift;
			productReference = 19D5609E223D6D8600535544 /* Zswift.app */;
			productType = "com.apple.product-type.application";
		};
/* End PBXNativeTarget section */

/* Begin PBXProject section */
		19D56096223D6D8600535544 /* Project object */ = {
			isa = PBXProject;
			attributes = {
				LastSwiftUpdateCheck = 1240;
				LastUpgradeCheck = 1200;
				ORGANIZATIONNAME = "Hung Truong";
				TargetAttributes = {
					193247DC262B41BF00D1613C = {
						CreatedOnToolsVersion = 12.4;
					};
					193247E5262B41C000D1613C = {
						CreatedOnToolsVersion = 12.4;
					};
					19D5609D223D6D8600535544 = {
						CreatedOnToolsVersion = 10.1;
						LastSwiftMigration = 1020;
						SystemCapabilities = {
							com.apple.BackgroundModes = {
								enabled = 1;
							};
							com.apple.HealthKit = {
								enabled = 1;
							};
						};
					};
				};
			};
			buildConfigurationList = 19D56099223D6D8600535544 /* Build configuration list for PBXProject "Zswift" */;
			compatibilityVersion = "Xcode 9.3";
			developmentRegion = en;
			hasScannedForEncodings = 0;
			knownRegions = (
				en,
				Base,
			);
			mainGroup = 19D56095223D6D8600535544;
			productRefGroup = 19D5609F223D6D8600535544 /* Products */;
			projectDirPath = "";
			projectRoot = "";
			targets = (
				19D5609D223D6D8600535544 /* Zswift */,
				193247DC262B41BF00D1613C /* Zswift Watch */,
				193247E5262B41C000D1613C /* Zswift Watch Extension */,
			);
		};
/* End PBXProject section */

/* Begin PBXResourcesBuildPhase section */
		193247DB262B41BF00D1613C /* Resources */ = {
			isa = PBXResourcesBuildPhase;
			buildActionMask = 2147483647;
			files = (
				193247E0262B41C000D1613C /* Assets.xcassets in Resources */,
			);
			runOnlyForDeploymentPostprocessing = 0;
		};
		193247E4262B41C000D1613C /* Resources */ = {
			isa = PBXResourcesBuildPhase;
			buildActionMask = 2147483647;
			files = (
				193247F5262B41C100D1613C /* Preview Assets.xcassets in Resources */,
				193247F2262B41C000D1613C /* Assets.xcassets in Resources */,
			);
			runOnlyForDeploymentPostprocessing = 0;
		};
		19D5609C223D6D8600535544 /* Resources */ = {
			isa = PBXResourcesBuildPhase;
			buildActionMask = 2147483647;
			files = (
				19D560AC223D6D8800535544 /* LaunchScreen.storyboard in Resources */,
				19D560A9223D6D8800535544 /* Assets.xcassets in Resources */,
				195D95DF225939C100176DB2 /* Workouts in Resources */,
			);
			runOnlyForDeploymentPostprocessing = 0;
		};
/* End PBXResourcesBuildPhase section */

/* Begin PBXSourcesBuildPhase section */
		193247E2262B41C000D1613C /* Sources */ = {
			isa = PBXSourcesBuildPhase;
			buildActionMask = 2147483647;
			files = (
				193247EE262B41C000D1613C /* ZswiftApp.swift in Sources */,
				193247EC262B41C000D1613C /* ContentView.swift in Sources */,
				19DD33EE262B421B00704036 /* ExtensionDelegate.swift in Sources */,
				19DD33F9262B432F00704036 /* WorkoutHandler.swift in Sources */,
				193247F0262B41C000D1613C /* ComplicationController.swift in Sources */,
			);
			runOnlyForDeploymentPostprocessing = 0;
		};
		19D5609A223D6D8600535544 /* Sources */ = {
			isa = PBXSourcesBuildPhase;
			buildActionMask = 2147483647;
			files = (
				195679EC262161EF0064D55C /* SwiftUIWorkoutViewController.swift in Sources */,
				190790F72247287700A48980 /* PM5BluetoothService.swift in Sources */,
				195679E72621559D0064D55C /* WorkoutSelectionView.swift in Sources */,
				195D95CD2258811000176DB2 /* ZWOParser.swift in Sources */,
				197FDD5226211A5A0001BDEB /* ZswiftApp.swift in Sources */,
				190688BD26226A290073FB30 /* WorkoutManager.swift in Sources */,
				1932AEF22263F0430077DD4B /* HealthKit.swift in Sources */,
				199F76B525F57BB50009FA21 /* MockBluetoothService.swift in Sources */,
				19F426A7261FBEC700BE6FC1 /* SwiftUIWorkoutView.swift in Sources */,
				19FD51502249CDB6001BE0B2 /* Workout.swift in Sources */,
				195D95E122593AB900176DB2 /* WorkoutLoader.swift in Sources */,
				19CE138624A962FC00FAB171 /* SettingsView.swift in Sources */,
			);
			runOnlyForDeploymentPostprocessing = 0;
		};
/* End PBXSourcesBuildPhase section */

/* Begin PBXTargetDependency section */
		193247E9262B41C000D1613C /* PBXTargetDependency */ = {
			isa = PBXTargetDependency;
			target = 193247E5262B41C000D1613C /* Zswift Watch Extension */;
			targetProxy = 193247E8262B41C000D1613C /* PBXContainerItemProxy */;
		};
		193247F8262B41C100D1613C /* PBXTargetDependency */ = {
			isa = PBXTargetDependency;
			target = 193247DC262B41BF00D1613C /* Zswift Watch */;
			targetProxy = 193247F7262B41C100D1613C /* PBXContainerItemProxy */;
		};
/* End PBXTargetDependency section */

/* Begin PBXVariantGroup section */
		19D560AA223D6D8800535544 /* LaunchScreen.storyboard */ = {
			isa = PBXVariantGroup;
			children = (
				19D560AB223D6D8800535544 /* Base */,
			);
			name = LaunchScreen.storyboard;
			sourceTree = "<group>";
		};
/* End PBXVariantGroup section */

/* Begin XCBuildConfiguration section */
		193247FB262B41C100D1613C /* Debug */ = {
			isa = XCBuildConfiguration;
			buildSettings = {
				ASSETCATALOG_COMPILER_COMPLICATION_NAME = Complication;
				CODE_SIGN_ENTITLEMENTS = "Zswift Watch Extension/Zswift Watch Extension.entitlements";
				CODE_SIGN_STYLE = Automatic;
				DEVELOPMENT_ASSET_PATHS = "\"Zswift Watch Extension/Preview Content\"";
				DEVELOPMENT_TEAM = 23T6468TV6;
				ENABLE_PREVIEWS = YES;
				INFOPLIST_FILE = "Zswift Watch Extension/Info.plist";
				LD_RUNPATH_SEARCH_PATHS = (
					"$(inherited)",
					"@executable_path/Frameworks",
					"@executable_path/../../Frameworks",
				);
				PRODUCT_BUNDLE_IDENTIFIER = "com.hung-truong.Zswift.watchkitapp.watchkitextension";
				PRODUCT_NAME = "${TARGET_NAME}";
				SDKROOT = watchos;
				SKIP_INSTALL = YES;
				SWIFT_VERSION = 5.0;
				TARGETED_DEVICE_FAMILY = 4;
				WATCHOS_DEPLOYMENT_TARGET = 7.2;
			};
			name = Debug;
		};
		193247FC262B41C100D1613C /* Release */ = {
			isa = XCBuildConfiguration;
			buildSettings = {
				ASSETCATALOG_COMPILER_COMPLICATION_NAME = Complication;
				CODE_SIGN_ENTITLEMENTS = "Zswift Watch Extension/Zswift Watch Extension.entitlements";
				CODE_SIGN_STYLE = Automatic;
				DEVELOPMENT_ASSET_PATHS = "\"Zswift Watch Extension/Preview Content\"";
				DEVELOPMENT_TEAM = 23T6468TV6;
				ENABLE_PREVIEWS = YES;
				INFOPLIST_FILE = "Zswift Watch Extension/Info.plist";
				LD_RUNPATH_SEARCH_PATHS = (
					"$(inherited)",
					"@executable_path/Frameworks",
					"@executable_path/../../Frameworks",
				);
				PRODUCT_BUNDLE_IDENTIFIER = "com.hung-truong.Zswift.watchkitapp.watchkitextension";
				PRODUCT_NAME = "${TARGET_NAME}";
				SDKROOT = watchos;
				SKIP_INSTALL = YES;
				SWIFT_VERSION = 5.0;
				TARGETED_DEVICE_FAMILY = 4;
				WATCHOS_DEPLOYMENT_TARGET = 7.2;
			};
			name = Release;
		};
		193247FF262B41C100D1613C /* Debug */ = {
			isa = XCBuildConfiguration;
			buildSettings = {
				ALWAYS_EMBED_SWIFT_STANDARD_LIBRARIES = YES;
				ASSETCATALOG_COMPILER_APPICON_NAME = AppIcon;
				ASSETCATALOG_COMPILER_GLOBAL_ACCENT_COLOR_NAME = AccentColor;
				CODE_SIGN_STYLE = Automatic;
				DEVELOPMENT_TEAM = 23T6468TV6;
				IBSC_MODULE = Zswift_Watch_Extension;
				INFOPLIST_FILE = "Zswift Watch/Info.plist";
				PRODUCT_BUNDLE_IDENTIFIER = "com.hung-truong.Zswift.watchkitapp";
				PRODUCT_NAME = "$(TARGET_NAME)";
				SDKROOT = watchos;
				SKIP_INSTALL = YES;
				SWIFT_VERSION = 5.0;
				TARGETED_DEVICE_FAMILY = 4;
				WATCHOS_DEPLOYMENT_TARGET = 7.2;
			};
			name = Debug;
		};
		19324800262B41C100D1613C /* Release */ = {
			isa = XCBuildConfiguration;
			buildSettings = {
				ALWAYS_EMBED_SWIFT_STANDARD_LIBRARIES = YES;
				ASSETCATALOG_COMPILER_APPICON_NAME = AppIcon;
				ASSETCATALOG_COMPILER_GLOBAL_ACCENT_COLOR_NAME = AccentColor;
				CODE_SIGN_STYLE = Automatic;
				DEVELOPMENT_TEAM = 23T6468TV6;
				IBSC_MODULE = Zswift_Watch_Extension;
				INFOPLIST_FILE = "Zswift Watch/Info.plist";
				PRODUCT_BUNDLE_IDENTIFIER = "com.hung-truong.Zswift.watchkitapp";
				PRODUCT_NAME = "$(TARGET_NAME)";
				SDKROOT = watchos;
				SKIP_INSTALL = YES;
				SWIFT_VERSION = 5.0;
				TARGETED_DEVICE_FAMILY = 4;
				WATCHOS_DEPLOYMENT_TARGET = 7.2;
			};
			name = Release;
		};
		19D560AE223D6D8800535544 /* Debug */ = {
			isa = XCBuildConfiguration;
			buildSettings = {
				ALWAYS_SEARCH_USER_PATHS = NO;
				CLANG_ANALYZER_NONNULL = YES;
				CLANG_ANALYZER_NUMBER_OBJECT_CONVERSION = YES_AGGRESSIVE;
				CLANG_CXX_LANGUAGE_STANDARD = "gnu++14";
				CLANG_CXX_LIBRARY = "libc++";
				CLANG_ENABLE_MODULES = YES;
				CLANG_ENABLE_OBJC_ARC = YES;
				CLANG_ENABLE_OBJC_WEAK = YES;
				CLANG_WARN_BLOCK_CAPTURE_AUTORELEASING = YES;
				CLANG_WARN_BOOL_CONVERSION = YES;
				CLANG_WARN_COMMA = YES;
				CLANG_WARN_CONSTANT_CONVERSION = YES;
				CLANG_WARN_DEPRECATED_OBJC_IMPLEMENTATIONS = YES;
				CLANG_WARN_DIRECT_OBJC_ISA_USAGE = YES_ERROR;
				CLANG_WARN_DOCUMENTATION_COMMENTS = YES;
				CLANG_WARN_EMPTY_BODY = YES;
				CLANG_WARN_ENUM_CONVERSION = YES;
				CLANG_WARN_INFINITE_RECURSION = YES;
				CLANG_WARN_INT_CONVERSION = YES;
				CLANG_WARN_NON_LITERAL_NULL_CONVERSION = YES;
				CLANG_WARN_OBJC_IMPLICIT_RETAIN_SELF = YES;
				CLANG_WARN_OBJC_LITERAL_CONVERSION = YES;
				CLANG_WARN_OBJC_ROOT_CLASS = YES_ERROR;
				CLANG_WARN_QUOTED_INCLUDE_IN_FRAMEWORK_HEADER = YES;
				CLANG_WARN_RANGE_LOOP_ANALYSIS = YES;
				CLANG_WARN_STRICT_PROTOTYPES = YES;
				CLANG_WARN_SUSPICIOUS_MOVE = YES;
				CLANG_WARN_UNGUARDED_AVAILABILITY = YES_AGGRESSIVE;
				CLANG_WARN_UNREACHABLE_CODE = YES;
				CLANG_WARN__DUPLICATE_METHOD_MATCH = YES;
				CODE_SIGN_IDENTITY = "iPhone Developer";
				COPY_PHASE_STRIP = NO;
				DEBUG_INFORMATION_FORMAT = dwarf;
				ENABLE_STRICT_OBJC_MSGSEND = YES;
				ENABLE_TESTABILITY = YES;
				GCC_C_LANGUAGE_STANDARD = gnu11;
				GCC_DYNAMIC_NO_PIC = NO;
				GCC_NO_COMMON_BLOCKS = YES;
				GCC_OPTIMIZATION_LEVEL = 0;
				GCC_PREPROCESSOR_DEFINITIONS = (
					"DEBUG=1",
					"$(inherited)",
				);
				GCC_WARN_64_TO_32_BIT_CONVERSION = YES;
				GCC_WARN_ABOUT_RETURN_TYPE = YES_ERROR;
				GCC_WARN_UNDECLARED_SELECTOR = YES;
				GCC_WARN_UNINITIALIZED_AUTOS = YES_AGGRESSIVE;
				GCC_WARN_UNUSED_FUNCTION = YES;
				GCC_WARN_UNUSED_VARIABLE = YES;
				IPHONEOS_DEPLOYMENT_TARGET = 12.1;
				MTL_ENABLE_DEBUG_INFO = INCLUDE_SOURCE;
				MTL_FAST_MATH = YES;
				ONLY_ACTIVE_ARCH = YES;
				SDKROOT = iphoneos;
				SWIFT_ACTIVE_COMPILATION_CONDITIONS = DEBUG;
				SWIFT_OPTIMIZATION_LEVEL = "-Onone";
			};
			name = Debug;
		};
		19D560AF223D6D8800535544 /* Release */ = {
			isa = XCBuildConfiguration;
			buildSettings = {
				ALWAYS_SEARCH_USER_PATHS = NO;
				CLANG_ANALYZER_NONNULL = YES;
				CLANG_ANALYZER_NUMBER_OBJECT_CONVERSION = YES_AGGRESSIVE;
				CLANG_CXX_LANGUAGE_STANDARD = "gnu++14";
				CLANG_CXX_LIBRARY = "libc++";
				CLANG_ENABLE_MODULES = YES;
				CLANG_ENABLE_OBJC_ARC = YES;
				CLANG_ENABLE_OBJC_WEAK = YES;
				CLANG_WARN_BLOCK_CAPTURE_AUTORELEASING = YES;
				CLANG_WARN_BOOL_CONVERSION = YES;
				CLANG_WARN_COMMA = YES;
				CLANG_WARN_CONSTANT_CONVERSION = YES;
				CLANG_WARN_DEPRECATED_OBJC_IMPLEMENTATIONS = YES;
				CLANG_WARN_DIRECT_OBJC_ISA_USAGE = YES_ERROR;
				CLANG_WARN_DOCUMENTATION_COMMENTS = YES;
				CLANG_WARN_EMPTY_BODY = YES;
				CLANG_WARN_ENUM_CONVERSION = YES;
				CLANG_WARN_INFINITE_RECURSION = YES;
				CLANG_WARN_INT_CONVERSION = YES;
				CLANG_WARN_NON_LITERAL_NULL_CONVERSION = YES;
				CLANG_WARN_OBJC_IMPLICIT_RETAIN_SELF = YES;
				CLANG_WARN_OBJC_LITERAL_CONVERSION = YES;
				CLANG_WARN_OBJC_ROOT_CLASS = YES_ERROR;
				CLANG_WARN_QUOTED_INCLUDE_IN_FRAMEWORK_HEADER = YES;
				CLANG_WARN_RANGE_LOOP_ANALYSIS = YES;
				CLANG_WARN_STRICT_PROTOTYPES = YES;
				CLANG_WARN_SUSPICIOUS_MOVE = YES;
				CLANG_WARN_UNGUARDED_AVAILABILITY = YES_AGGRESSIVE;
				CLANG_WARN_UNREACHABLE_CODE = YES;
				CLANG_WARN__DUPLICATE_METHOD_MATCH = YES;
				CODE_SIGN_IDENTITY = "iPhone Developer";
				COPY_PHASE_STRIP = NO;
				DEBUG_INFORMATION_FORMAT = "dwarf-with-dsym";
				ENABLE_NS_ASSERTIONS = NO;
				ENABLE_STRICT_OBJC_MSGSEND = YES;
				GCC_C_LANGUAGE_STANDARD = gnu11;
				GCC_NO_COMMON_BLOCKS = YES;
				GCC_WARN_64_TO_32_BIT_CONVERSION = YES;
				GCC_WARN_ABOUT_RETURN_TYPE = YES_ERROR;
				GCC_WARN_UNDECLARED_SELECTOR = YES;
				GCC_WARN_UNINITIALIZED_AUTOS = YES_AGGRESSIVE;
				GCC_WARN_UNUSED_FUNCTION = YES;
				GCC_WARN_UNUSED_VARIABLE = YES;
				IPHONEOS_DEPLOYMENT_TARGET = 12.1;
				MTL_ENABLE_DEBUG_INFO = NO;
				MTL_FAST_MATH = YES;
				SDKROOT = iphoneos;
				SWIFT_COMPILATION_MODE = wholemodule;
				SWIFT_OPTIMIZATION_LEVEL = "-O";
				VALIDATE_PRODUCT = YES;
			};
			name = Release;
		};
		19D560B1223D6D8800535544 /* Debug */ = {
			isa = XCBuildConfiguration;
			buildSettings = {
				ASSETCATALOG_COMPILER_APPICON_NAME = AppIcon;
				CODE_SIGN_ENTITLEMENTS = Zswift/Zswift.entitlements;
				CODE_SIGN_STYLE = Automatic;
				DEVELOPMENT_TEAM = 23T6468TV6;
				INFOPLIST_FILE = Zswift/Info.plist;
				IPHONEOS_DEPLOYMENT_TARGET = 14.0;
				LD_RUNPATH_SEARCH_PATHS = (
					"$(inherited)",
					"@executable_path/Frameworks",
				);
				PRODUCT_BUNDLE_IDENTIFIER = "com.hung-truong.Zswift";
				PRODUCT_NAME = "$(TARGET_NAME)";
				SWIFT_VERSION = 5.0;
				TARGETED_DEVICE_FAMILY = "1,2";
			};
			name = Debug;
		};
		19D560B2223D6D8800535544 /* Release */ = {
			isa = XCBuildConfiguration;
			buildSettings = {
				ASSETCATALOG_COMPILER_APPICON_NAME = AppIcon;
				CODE_SIGN_ENTITLEMENTS = Zswift/Zswift.entitlements;
				CODE_SIGN_STYLE = Automatic;
				DEVELOPMENT_TEAM = 23T6468TV6;
				INFOPLIST_FILE = Zswift/Info.plist;
				IPHONEOS_DEPLOYMENT_TARGET = 14.0;
				LD_RUNPATH_SEARCH_PATHS = (
					"$(inherited)",
					"@executable_path/Frameworks",
				);
				PRODUCT_BUNDLE_IDENTIFIER = "com.hung-truong.Zswift";
				PRODUCT_NAME = "$(TARGET_NAME)";
				SWIFT_VERSION = 5.0;
				TARGETED_DEVICE_FAMILY = "1,2";
			};
			name = Release;
		};
/* End XCBuildConfiguration section */

/* Begin XCConfigurationList section */
		193247FA262B41C100D1613C /* Build configuration list for PBXNativeTarget "Zswift Watch Extension" */ = {
			isa = XCConfigurationList;
			buildConfigurations = (
				193247FB262B41C100D1613C /* Debug */,
				193247FC262B41C100D1613C /* Release */,
			);
			defaultConfigurationIsVisible = 0;
			defaultConfigurationName = Release;
		};
		193247FE262B41C100D1613C /* Build configuration list for PBXNativeTarget "Zswift Watch" */ = {
			isa = XCConfigurationList;
			buildConfigurations = (
				193247FF262B41C100D1613C /* Debug */,
				19324800262B41C100D1613C /* Release */,
			);
			defaultConfigurationIsVisible = 0;
			defaultConfigurationName = Release;
		};
		19D56099223D6D8600535544 /* Build configuration list for PBXProject "Zswift" */ = {
			isa = XCConfigurationList;
			buildConfigurations = (
				19D560AE223D6D8800535544 /* Debug */,
				19D560AF223D6D8800535544 /* Release */,
			);
			defaultConfigurationIsVisible = 0;
			defaultConfigurationName = Release;
		};
		19D560B0223D6D8800535544 /* Build configuration list for PBXNativeTarget "Zswift" */ = {
			isa = XCConfigurationList;
			buildConfigurations = (
				19D560B1223D6D8800535544 /* Debug */,
				19D560B2223D6D8800535544 /* Release */,
			);
			defaultConfigurationIsVisible = 0;
			defaultConfigurationName = Release;
		};
/* End XCConfigurationList section */
	};
	rootObject = 19D56096223D6D8600535544 /* Project object */;
}
